// !$*UTF8*$!
{
	archiveVersion = 1;
	classes = {
	};
	objectVersion = 46;
	objects = {

/* Begin PBXBuildFile section */
		2F481FD171B5261CB5DF928F /* Pods_Flicks.framework in Frameworks */ = {isa = PBXBuildFile; fileRef = 1E12CD251299D7AF3400A920 /* Pods_Flicks.framework */; };
		8F8219CD1E8FB3D4000C6BE8 /* Movie.swift in Sources */ = {isa = PBXBuildFile; fileRef = 8F8219CC1E8FB3D4000C6BE8 /* Movie.swift */; };
		8FAD16411E8F6DEB009E771E /* TopRatedViewController.swift in Sources */ = {isa = PBXBuildFile; fileRef = 8FAD16401E8F6DEB009E771E /* TopRatedViewController.swift */; };
		8FC662741E8F31F900BF1A25 /* AppDelegate.swift in Sources */ = {isa = PBXBuildFile; fileRef = 8FC662731E8F31F900BF1A25 /* AppDelegate.swift */; };
		8FC662761E8F31F900BF1A25 /* NowPlayingViewController.swift in Sources */ = {isa = PBXBuildFile; fileRef = 8FC662751E8F31F900BF1A25 /* NowPlayingViewController.swift */; };
		8FC662791E8F31F900BF1A25 /* Main.storyboard in Resources */ = {isa = PBXBuildFile; fileRef = 8FC662771E8F31F900BF1A25 /* Main.storyboard */; };
		8FC6627C1E8F31F900BF1A25 /* Flicks.xcdatamodeld in Sources */ = {isa = PBXBuildFile; fileRef = 8FC6627A1E8F31F900BF1A25 /* Flicks.xcdatamodeld */; };
		8FC6627E1E8F31F900BF1A25 /* Assets.xcassets in Resources */ = {isa = PBXBuildFile; fileRef = 8FC6627D1E8F31F900BF1A25 /* Assets.xcassets */; };
		8FC662811E8F31F900BF1A25 /* LaunchScreen.storyboard in Resources */ = {isa = PBXBuildFile; fileRef = 8FC6627F1E8F31F900BF1A25 /* LaunchScreen.storyboard */; };
		8FE26F791E904D34001D4938 /* FetchData.swift in Sources */ = {isa = PBXBuildFile; fileRef = 8FE26F781E904D34001D4938 /* FetchData.swift */; };
		8FE26F7B1E90876A001D4938 /* MovieDetailsViewController.swift in Sources */ = {isa = PBXBuildFile; fileRef = 8FE26F7A1E90876A001D4938 /* MovieDetailsViewController.swift */; };
		8FE444A61E94322B00CB52A5 /* nowPLaying.png in Resources */ = {isa = PBXBuildFile; fileRef = 8FE444A51E94322B00CB52A5 /* nowPLaying.png */; };
		8FF80BE31E8F913D004C16D5 /* MoviesTableViewCell.swift in Sources */ = {isa = PBXBuildFile; fileRef = 8FF80BE21E8F913D004C16D5 /* MoviesTableViewCell.swift */; };
/* End PBXBuildFile section */

/* Begin PBXFileReference section */
		1E12CD251299D7AF3400A920 /* Pods_Flicks.framework */ = {isa = PBXFileReference; explicitFileType = wrapper.framework; includeInIndex = 0; path = Pods_Flicks.framework; sourceTree = BUILT_PRODUCTS_DIR; };
		1F7DF2BBC05742895D2A7018 /* Pods-Flicks.debug.xcconfig */ = {isa = PBXFileReference; includeInIndex = 1; lastKnownFileType = text.xcconfig; name = "Pods-Flicks.debug.xcconfig"; path = "Pods/Target Support Files/Pods-Flicks/Pods-Flicks.debug.xcconfig"; sourceTree = "<group>"; };
		8F8219CC1E8FB3D4000C6BE8 /* Movie.swift */ = {isa = PBXFileReference; fileEncoding = 4; lastKnownFileType = sourcecode.swift; path = Movie.swift; sourceTree = "<group>"; };
		8FAD16401E8F6DEB009E771E /* TopRatedViewController.swift */ = {isa = PBXFileReference; fileEncoding = 4; lastKnownFileType = sourcecode.swift; path = TopRatedViewController.swift; sourceTree = "<group>"; };
		8FC662701E8F31F900BF1A25 /* Flicks.app */ = {isa = PBXFileReference; explicitFileType = wrapper.application; includeInIndex = 0; path = Flicks.app; sourceTree = BUILT_PRODUCTS_DIR; };
		8FC662731E8F31F900BF1A25 /* AppDelegate.swift */ = {isa = PBXFileReference; lastKnownFileType = sourcecode.swift; path = AppDelegate.swift; sourceTree = "<group>"; };
		8FC662751E8F31F900BF1A25 /* NowPlayingViewController.swift */ = {isa = PBXFileReference; lastKnownFileType = sourcecode.swift; path = NowPlayingViewController.swift; sourceTree = "<group>"; };
		8FC662781E8F31F900BF1A25 /* Base */ = {isa = PBXFileReference; lastKnownFileType = file.storyboard; name = Base; path = Base.lproj/Main.storyboard; sourceTree = "<group>"; };
		8FC6627B1E8F31F900BF1A25 /* Flicks.xcdatamodel */ = {isa = PBXFileReference; lastKnownFileType = wrapper.xcdatamodel; path = Flicks.xcdatamodel; sourceTree = "<group>"; };
		8FC6627D1E8F31F900BF1A25 /* Assets.xcassets */ = {isa = PBXFileReference; lastKnownFileType = folder.assetcatalog; path = Assets.xcassets; sourceTree = "<group>"; };
		8FC662801E8F31F900BF1A25 /* Base */ = {isa = PBXFileReference; lastKnownFileType = file.storyboard; name = Base; path = Base.lproj/LaunchScreen.storyboard; sourceTree = "<group>"; };
		8FC662821E8F31F900BF1A25 /* Info.plist */ = {isa = PBXFileReference; lastKnownFileType = text.plist.xml; path = Info.plist; sourceTree = "<group>"; };
		8FE26F781E904D34001D4938 /* FetchData.swift */ = {isa = PBXFileReference; fileEncoding = 4; lastKnownFileType = sourcecode.swift; path = FetchData.swift; sourceTree = "<group>"; };
		8FE26F7A1E90876A001D4938 /* MovieDetailsViewController.swift */ = {isa = PBXFileReference; fileEncoding = 4; lastKnownFileType = sourcecode.swift; path = MovieDetailsViewController.swift; sourceTree = "<group>"; };
		8FE444A51E94322B00CB52A5 /* nowPLaying.png */ = {isa = PBXFileReference; lastKnownFileType = image.png; name = nowPLaying.png; path = images/nowPLaying.png; sourceTree = SOURCE_ROOT; };
		8FF80BE21E8F913D004C16D5 /* MoviesTableViewCell.swift */ = {isa = PBXFileReference; fileEncoding = 4; lastKnownFileType = sourcecode.swift; path = MoviesTableViewCell.swift; sourceTree = "<group>"; };
		DB7E0C596A10B8647A4377F2 /* Pods-Flicks.release.xcconfig */ = {isa = PBXFileReference; includeInIndex = 1; lastKnownFileType = text.xcconfig; name = "Pods-Flicks.release.xcconfig"; path = "Pods/Target Support Files/Pods-Flicks/Pods-Flicks.release.xcconfig"; sourceTree = "<group>"; };
/* End PBXFileReference section */

/* Begin PBXFrameworksBuildPhase section */
		8FC6626D1E8F31F800BF1A25 /* Frameworks */ = {
			isa = PBXFrameworksBuildPhase;
			buildActionMask = 2147483647;
			files = (
				2F481FD171B5261CB5DF928F /* Pods_Flicks.framework in Frameworks */,
			);
			runOnlyForDeploymentPostprocessing = 0;
		};
/* End PBXFrameworksBuildPhase section */

/* Begin PBXGroup section */
		6A1D07858F9169D39DA77F9D /* Frameworks */ = {
			isa = PBXGroup;
			children = (
				1E12CD251299D7AF3400A920 /* Pods_Flicks.framework */,
			);
			name = Frameworks;
			sourceTree = "<group>";
		};
		8778B9E9E42D0BD139566FD9 /* Pods */ = {
			isa = PBXGroup;
			children = (
				1F7DF2BBC05742895D2A7018 /* Pods-Flicks.debug.xcconfig */,
				DB7E0C596A10B8647A4377F2 /* Pods-Flicks.release.xcconfig */,
			);
			name = Pods;
			sourceTree = "<group>";
		};
		8FC662671E8F31F800BF1A25 = {
			isa = PBXGroup;
			children = (
				8FC662721E8F31F900BF1A25 /* Flicks */,
				8FC662711E8F31F900BF1A25 /* Products */,
				8778B9E9E42D0BD139566FD9 /* Pods */,
				6A1D07858F9169D39DA77F9D /* Frameworks */,
			);
			sourceTree = "<group>";
		};
		8FC662711E8F31F900BF1A25 /* Products */ = {
			isa = PBXGroup;
			children = (
				8FC662701E8F31F900BF1A25 /* Flicks.app */,
			);
			name = Products;
			sourceTree = "<group>";
		};
		8FC662721E8F31F900BF1A25 /* Flicks */ = {
			isa = PBXGroup;
			children = (
				8FE444A51E94322B00CB52A5 /* nowPLaying.png */,
				8FC662731E8F31F900BF1A25 /* AppDelegate.swift */,
				8FC662751E8F31F900BF1A25 /* NowPlayingViewController.swift */,
				8FC662771E8F31F900BF1A25 /* Main.storyboard */,
				8FC6627D1E8F31F900BF1A25 /* Assets.xcassets */,
				8FC6627F1E8F31F900BF1A25 /* LaunchScreen.storyboard */,
				8FC662821E8F31F900BF1A25 /* Info.plist */,
				8FC6627A1E8F31F900BF1A25 /* Flicks.xcdatamodeld */,
				8FAD16401E8F6DEB009E771E /* TopRatedViewController.swift */,
				8FF80BE21E8F913D004C16D5 /* MoviesTableViewCell.swift */,
				8F8219CC1E8FB3D4000C6BE8 /* Movie.swift */,
				8FE26F781E904D34001D4938 /* FetchData.swift */,
				8FE26F7A1E90876A001D4938 /* MovieDetailsViewController.swift */,
			);
			path = Flicks;
			sourceTree = "<group>";
		};
/* End PBXGroup section */

/* Begin PBXNativeTarget section */
		8FC6626F1E8F31F800BF1A25 /* Flicks */ = {
			isa = PBXNativeTarget;
			buildConfigurationList = 8FC662851E8F31F900BF1A25 /* Build configuration list for PBXNativeTarget "Flicks" */;
			buildPhases = (
				78FA4FD71018D9CF3A8097BF /* [CP] Check Pods Manifest.lock */,
				8FC6626C1E8F31F800BF1A25 /* Sources */,
				8FC6626D1E8F31F800BF1A25 /* Frameworks */,
				8FC6626E1E8F31F800BF1A25 /* Resources */,
				BB46AC32BB93DCF7A3F9F364 /* [CP] Embed Pods Frameworks */,
				5EA60DDBAB6715655292FB5C /* [CP] Copy Pods Resources */,
			);
			buildRules = (
			);
			dependencies = (
			);
			name = Flicks;
			productName = Flicks;
			productReference = 8FC662701E8F31F900BF1A25 /* Flicks.app */;
			productType = "com.apple.product-type.application";
		};
/* End PBXNativeTarget section */

/* Begin PBXProject section */
		8FC662681E8F31F800BF1A25 /* Project object */ = {
			isa = PBXProject;
			attributes = {
				LastSwiftUpdateCheck = 0820;
				LastUpgradeCheck = 0820;
				ORGANIZATIONNAME = "Anusha Kopparam";
				TargetAttributes = {
					8FC6626F1E8F31F800BF1A25 = {
						CreatedOnToolsVersion = 8.2.1;
						ProvisioningStyle = Automatic;
					};
				};
			};
			buildConfigurationList = 8FC6626B1E8F31F800BF1A25 /* Build configuration list for PBXProject "Flicks" */;
			compatibilityVersion = "Xcode 3.2";
			developmentRegion = English;
			hasScannedForEncodings = 0;
			knownRegions = (
				en,
				Base,
			);
			mainGroup = 8FC662671E8F31F800BF1A25;
			productRefGroup = 8FC662711E8F31F900BF1A25 /* Products */;
			projectDirPath = "";
			projectRoot = "";
			targets = (
				8FC6626F1E8F31F800BF1A25 /* Flicks */,
			);
		};
/* End PBXProject section */

/* Begin PBXResourcesBuildPhase section */
		8FC6626E1E8F31F800BF1A25 /* Resources */ = {
			isa = PBXResourcesBuildPhase;
			buildActionMask = 2147483647;
			files = (
				8FC662811E8F31F900BF1A25 /* LaunchScreen.storyboard in Resources */,
				8FE444A61E94322B00CB52A5 /* nowPLaying.png in Resources */,
				8FC6627E1E8F31F900BF1A25 /* Assets.xcassets in Resources */,
				8FC662791E8F31F900BF1A25 /* Main.storyboard in Resources */,
			);
			runOnlyForDeploymentPostprocessing = 0;
		};
/* End PBXResourcesBuildPhase section */

/* Begin PBXShellScriptBuildPhase section */
		5EA60DDBAB6715655292FB5C /* [CP] Copy Pods Resources */ = {
			isa = PBXShellScriptBuildPhase;
			buildActionMask = 2147483647;
			files = (
			);
			inputPaths = (
			);
			name = "[CP] Copy Pods Resources";
			outputPaths = (
			);
			runOnlyForDeploymentPostprocessing = 0;
			shellPath = /bin/sh;
			shellScript = "\"${SRCROOT}/Pods/Target Support Files/Pods-Flicks/Pods-Flicks-resources.sh\"\n";
			showEnvVarsInLog = 0;
		};
		78FA4FD71018D9CF3A8097BF /* [CP] Check Pods Manifest.lock */ = {
			isa = PBXShellScriptBuildPhase;
			buildActionMask = 2147483647;
			files = (
			);
			inputPaths = (
			);
			name = "[CP] Check Pods Manifest.lock";
			outputPaths = (
			);
			runOnlyForDeploymentPostprocessing = 0;
			shellPath = /bin/sh;
			shellScript = "diff \"${PODS_ROOT}/../Podfile.lock\" \"${PODS_ROOT}/Manifest.lock\" > /dev/null\nif [ $? != 0 ] ; then\n    # print error to STDERR\n    echo \"error: The sandbox is not in sync with the Podfile.lock. Run 'pod install' or update your CocoaPods installation.\" >&2\n    exit 1\nfi\n";
			showEnvVarsInLog = 0;
		};
		BB46AC32BB93DCF7A3F9F364 /* [CP] Embed Pods Frameworks */ = {
			isa = PBXShellScriptBuildPhase;
			buildActionMask = 2147483647;
			files = (
			);
			inputPaths = (
			);
			name = "[CP] Embed Pods Frameworks";
			outputPaths = (
			);
			runOnlyForDeploymentPostprocessing = 0;
			shellPath = /bin/sh;
			shellScript = "\"${SRCROOT}/Pods/Target Support Files/Pods-Flicks/Pods-Flicks-frameworks.sh\"\n";
			showEnvVarsInLog = 0;
		};
/* End PBXShellScriptBuildPhase section */

/* Begin PBXSourcesBuildPhase section */
		8FC6626C1E8F31F800BF1A25 /* Sources */ = {
			isa = PBXSourcesBuildPhase;
			buildActionMask = 2147483647;
			files = (
				8FE26F7B1E90876A001D4938 /* MovieDetailsViewController.swift in Sources */,
				8F8219CD1E8FB3D4000C6BE8 /* Movie.swift in Sources */,
				8FF80BE31E8F913D004C16D5 /* MoviesTableViewCell.swift in Sources */,
				8FC6627C1E8F31F900BF1A25 /* Flicks.xcdatamodeld in Sources */,
				8FAD16411E8F6DEB009E771E /* TopRatedViewController.swift in Sources */,
				8FC662761E8F31F900BF1A25 /* NowPlayingViewController.swift in Sources */,
				8FE26F791E904D34001D4938 /* FetchData.swift in Sources */,
				8FC662741E8F31F900BF1A25 /* AppDelegate.swift in Sources */,
			);
			runOnlyForDeploymentPostprocessing = 0;
		};
/* End PBXSourcesBuildPhase section */

/* Begin PBXVariantGroup section */
		8FC662771E8F31F900BF1A25 /* Main.storyboard */ = {
			isa = PBXVariantGroup;
			children = (
				8FC662781E8F31F900BF1A25 /* Base */,
			);
			name = Main.storyboard;
			sourceTree = "<group>";
		};
		8FC6627F1E8F31F900BF1A25 /* LaunchScreen.storyboard */ = {
			isa = PBXVariantGroup;
			children = (
				8FC662801E8F31F900BF1A25 /* Base */,
			);
			name = LaunchScreen.storyboard;
			sourceTree = "<group>";
		};
/* End PBXVariantGroup section */

/* Begin XCBuildConfiguration section */
		8FC662831E8F31F900BF1A25 /* Debug */ = {
			isa = XCBuildConfiguration;
			buildSettings = {
				ALWAYS_SEARCH_USER_PATHS = NO;
				CLANG_ANALYZER_NONNULL = YES;
				CLANG_CXX_LANGUAGE_STANDARD = "gnu++0x";
				CLANG_CXX_LIBRARY = "libc++";
				CLANG_ENABLE_MODULES = YES;
				CLANG_ENABLE_OBJC_ARC = YES;
				CLANG_WARN_BOOL_CONVERSION = YES;
				CLANG_WARN_CONSTANT_CONVERSION = YES;
				CLANG_WARN_DIRECT_OBJC_ISA_USAGE = YES_ERROR;
				CLANG_WARN_DOCUMENTATION_COMMENTS = YES;
				CLANG_WARN_EMPTY_BODY = YES;
				CLANG_WARN_ENUM_CONVERSION = YES;
				CLANG_WARN_INFINITE_RECURSION = YES;
				CLANG_WARN_INT_CONVERSION = YES;
				CLANG_WARN_OBJC_ROOT_CLASS = YES_ERROR;
				CLANG_WARN_SUSPICIOUS_MOVE = YES;
				CLANG_WARN_UNREACHABLE_CODE = YES;
				CLANG_WARN__DUPLICATE_METHOD_MATCH = YES;
				"CODE_SIGN_IDENTITY[sdk=iphoneos*]" = "iPhone Developer";
				COPY_PHASE_STRIP = NO;
				DEBUG_INFORMATION_FORMAT = dwarf;
				ENABLE_STRICT_OBJC_MSGSEND = YES;
				ENABLE_TESTABILITY = YES;
				GCC_C_LANGUAGE_STANDARD = gnu99;
				GCC_DYNAMIC_NO_PIC = NO;
				GCC_NO_COMMON_BLOCKS = YES;
				GCC_OPTIMIZATION_LEVEL = 0;
				GCC_PREPROCESSOR_DEFINITIONS = (
					"DEBUG=1",
					"$(inherited)",
				);
				GCC_WARN_64_TO_32_BIT_CONVERSION = YES;
				GCC_WARN_ABOUT_RETURN_TYPE = YES_ERROR;
				GCC_WARN_UNDECLARED_SELECTOR = YES;
				GCC_WARN_UNINITIALIZED_AUTOS = YES_AGGRESSIVE;
				GCC_WARN_UNUSED_FUNCTION = YES;
				GCC_WARN_UNUSED_VARIABLE = YES;
				IPHONEOS_DEPLOYMENT_TARGET = 10.2;
				MTL_ENABLE_DEBUG_INFO = YES;
				ONLY_ACTIVE_ARCH = YES;
				SDKROOT = iphoneos;
				SWIFT_ACTIVE_COMPILATION_CONDITIONS = DEBUG;
				SWIFT_OPTIMIZATION_LEVEL = "-Onone";
				TARGETED_DEVICE_FAMILY = "1,2";
			};
			name = Debug;
		};
		8FC662841E8F31F900BF1A25 /* Release */ = {
			isa = XCBuildConfiguration;
			buildSettings = {
				ALWAYS_SEARCH_USER_PATHS = NO;
				CLANG_ANALYZER_NONNULL = YES;
				CLANG_CXX_LANGUAGE_STANDARD = "gnu++0x";
				CLANG_CXX_LIBRARY = "libc++";
				CLANG_ENABLE_MODULES = YES;
				CLANG_ENABLE_OBJC_ARC = YES;
				CLANG_WARN_BOOL_CONVERSION = YES;
				CLANG_WARN_CONSTANT_CONVERSION = YES;
				CLANG_WARN_DIRECT_OBJC_ISA_USAGE = YES_ERROR;
				CLANG_WARN_DOCUMENTATION_COMMENTS = YES;
				CLANG_WARN_EMPTY_BODY = YES;
				CLANG_WARN_ENUM_CONVERSION = YES;
				CLANG_WARN_INFINITE_RECURSION = YES;
				CLANG_WARN_INT_CONVERSION = YES;
				CLANG_WARN_OBJC_ROOT_CLASS = YES_ERROR;
				CLANG_WARN_SUSPICIOUS_MOVE = YES;
				CLANG_WARN_UNREACHABLE_CODE = YES;
				CLANG_WARN__DUPLICATE_METHOD_MATCH = YES;
				"CODE_SIGN_IDENTITY[sdk=iphoneos*]" = "iPhone Developer";
				COPY_PHASE_STRIP = NO;
				DEBUG_INFORMATION_FORMAT = "dwarf-with-dsym";
				ENABLE_NS_ASSERTIONS = NO;
				ENABLE_STRICT_OBJC_MSGSEND = YES;
				GCC_C_LANGUAGE_STANDARD = gnu99;
				GCC_NO_COMMON_BLOCKS = YES;
				GCC_WARN_64_TO_32_BIT_CONVERSION = YES;
				GCC_WARN_ABOUT_RETURN_TYPE = YES_ERROR;
				GCC_WARN_UNDECLARED_SELECTOR = YES;
				GCC_WARN_UNINITIALIZED_AUTOS = YES_AGGRESSIVE;
				GCC_WARN_UNUSED_FUNCTION = YES;
				GCC_WARN_UNUSED_VARIABLE = YES;
				IPHONEOS_DEPLOYMENT_TARGET = 10.2;
				MTL_ENABLE_DEBUG_INFO = NO;
				SDKROOT = iphoneos;
				SWIFT_OPTIMIZATION_LEVEL = "-Owholemodule";
				TARGETED_DEVICE_FAMILY = "1,2";
				VALIDATE_PRODUCT = YES;
			};
			name = Release;
		};
		8FC662861E8F31F900BF1A25 /* Debug */ = {
			isa = XCBuildConfiguration;
			baseConfigurationReference = 1F7DF2BBC05742895D2A7018 /* Pods-Flicks.debug.xcconfig */;
			buildSettings = {
				ASSETCATALOG_COMPILER_APPICON_NAME = AppIcon;
				INFOPLIST_FILE = Flicks/Info.plist;
				LD_RUNPATH_SEARCH_PATHS = "$(inherited) @executable_path/Frameworks";
				PRODUCT_BUNDLE_IDENTIFIER = anusha.Flicks;
				PRODUCT_NAME = "$(TARGET_NAME)";
				SWIFT_VERSION = 3.0;
			};
			name = Debug;
		};
		8FC662871E8F31F900BF1A25 /* Release */ = {
			isa = XCBuildConfiguration;
			baseConfigurationReference = DB7E0C596A10B8647A4377F2 /* Pods-Flicks.release.xcconfig */;
			buildSettings = {
				ASSETCATALOG_COMPILER_APPICON_NAME = AppIcon;
				INFOPLIST_FILE = Flicks/Info.plist;
				LD_RUNPATH_SEARCH_PATHS = "$(inherited) @executable_path/Frameworks";
				PRODUCT_BUNDLE_IDENTIFIER = anusha.Flicks;
				PRODUCT_NAME = "$(TARGET_NAME)";
				SWIFT_VERSION = 3.0;
			};
			name = Release;
		};
/* End XCBuildConfiguration section */

/* Begin XCConfigurationList section */
		8FC6626B1E8F31F800BF1A25 /* Build configuration list for PBXProject "Flicks" */ = {
			isa = XCConfigurationList;
			buildConfigurations = (
				8FC662831E8F31F900BF1A25 /* Debug */,
				8FC662841E8F31F900BF1A25 /* Release */,
			);
			defaultConfigurationIsVisible = 0;
			defaultConfigurationName = Release;
		};
		8FC662851E8F31F900BF1A25 /* Build configuration list for PBXNativeTarget "Flicks" */ = {
			isa = XCConfigurationList;
			buildConfigurations = (
				8FC662861E8F31F900BF1A25 /* Debug */,
				8FC662871E8F31F900BF1A25 /* Release */,
			);
			defaultConfigurationIsVisible = 0;
			defaultConfigurationName = Release;
		};
/* End XCConfigurationList section */

/* Begin XCVersionGroup section */
		8FC6627A1E8F31F900BF1A25 /* Flicks.xcdatamodeld */ = {
			isa = XCVersionGroup;
			children = (
				8FC6627B1E8F31F900BF1A25 /* Flicks.xcdatamodel */,
			);
			currentVersion = 8FC6627B1E8F31F900BF1A25 /* Flicks.xcdatamodel */;
			path = Flicks.xcdatamodeld;
			sourceTree = "<group>";
			versionGroupType = wrapper.xcdatamodel;
		};
/* End XCVersionGroup section */
	};
	rootObject = 8FC662681E8F31F800BF1A25 /* Project object */;
}
